
Microsoft Visual Studio Solution File, Format Version 12.00
# Visual Studio Version 17
VisualStudioVersion = 17.1.32228.430
MinimumVisualStudioVersion = 10.0.40219.1
Project("{FAE04EC0-301F-11D3-BF4B-00C04F79EFBC}") = "ActualPriceOfCryptocurrency", "ActualPriceOfCryptocurrency.csproj", "{1C8A481A-B1C2-45FD-9151-53DAE9ED78D6}"
EndProject
Project("{FAE04EC0-301F-11D3-BF4B-00C04F79EFBC}") = "ActualPriceOfCryptocurrencyLibrary", "..\ActualPriceOfCryptocurrencyLibrary\ActualPriceOfCryptocurrencyLibrary.csproj", "{DD36875E-9D0C-4478-B17E-A6D37CBEB2A9}"
EndProject
Global
	GlobalSection(SolutionConfigurationPlatforms) = preSolution
		Debug|Any CPU = Debug|Any CPU
		Release|Any CPU = Release|Any CPU
	EndGlobalSection
	GlobalSection(ProjectConfigurationPlatforms) = postSolution
		{1C8A481A-B1C2-45FD-9151-53DAE9ED78D6}.Debug|Any CPU.ActiveCfg = Debug|Any CPU
		{1C8A481A-B1C2-45FD-9151-53DAE9ED78D6}.Debug|Any CPU.Build.0 = Debug|Any CPU
		{1C8A481A-B1C2-45FD-9151-53DAE9ED78D6}.Release|Any CPU.ActiveCfg = Release|Any CPU
		{1C8A481A-B1C2-45FD-9151-53DAE9ED78D6}.Release|Any CPU.Build.0 = Release|Any CPU
		{DD36875E-9D0C-4478-B17E-A6D37CBEB2A9}.Debug|Any CPU.ActiveCfg = Debug|Any CPU
		{DD36875E-9D0C-4478-B17E-A6D37CBEB2A9}.Debug|Any CPU.Build.0 = Debug|Any CPU
		{DD36875E-9D0C-4478-B17E-A6D37CBEB2A9}.Release|Any CPU.ActiveCfg = Release|Any CPU
		{DD36875E-9D0C-4478-B17E-A6D37CBEB2A9}.Release|Any CPU.Build.0 = Release|Any CPU
	EndGlobalSection
	GlobalSection(SolutionProperties) = preSolution
		HideSolutionNode = FALSE
	EndGlobalSection
	GlobalSection(ExtensibilityGlobals) = postSolution
		SolutionGuid = {9C1602DA-4E54-456F-B519-8058454BCC09}
	EndGlobalSection
EndGlobal
